{
  "name": "pclf",
  "lockfileVersion": 2,
  "requires": true,
  "packages": {
    "": {
      "dependencies": {
        "melonjs": "^14.4.0"
      }
    },
    "node_modules/@teppeis/multimaps": {
      "version": "2.0.0",
      "resolved": "https://registry.npmjs.org/@teppeis/multimaps/-/multimaps-2.0.0.tgz",
      "integrity": "sha512-TL1adzq1HdxUf9WYduLcQ/DNGYiz71U31QRgbnr0Ef1cPyOUOsBojxHVWpFeOSUucB6Lrs0LxFRA14ntgtkc9w==",
      "engines": {
        "node": ">=10.17"
      }
    },
    "node_modules/core-js": {
      "version": "3.27.1",
      "resolved": "https://registry.npmjs.org/core-js/-/core-js-3.27.1.tgz",
      "integrity": "sha512-GutwJLBChfGCpwwhbYoqfv03LAfmiz7e7D/BNxzeMxwQf10GRSzqiOjx7AmtEk+heiD/JWmBuyBPgFtx0Sg1ww==",
      "hasInstallScript": true,
      "funding": {
        "type": "opencollective",
        "url": "https://opencollective.com/core-js"
      }
    },
    "node_modules/earcut": {
      "version": "2.2.4",
      "resolved": "https://registry.npmjs.org/earcut/-/earcut-2.2.4.tgz",
      "integrity": "sha512-/pjZsA1b4RPHbeWZQn66SWS8nZZWLQQ23oE3Eam7aroEFGEvwKAsJfZ9ytiEMycfzXWpca4FA9QIOehf7PocBQ=="
    },
    "node_modules/howler": {
      "version": "2.2.3",
      "resolved": "https://registry.npmjs.org/howler/-/howler-2.2.3.tgz",
      "integrity": "sha512-QM0FFkw0LRX1PR8pNzJVAY25JhIWvbKMBFM4gqk+QdV+kPXOhleWGCB6AiAF/goGjIHK2e/nIElplvjQwhr0jg=="
    },
    "node_modules/melonjs": {
      "version": "14.4.0",
      "resolved": "https://registry.npmjs.org/melonjs/-/melonjs-14.4.0.tgz",
      "integrity": "sha512-dCo6qR43C4/w+2VlZo6YFQZPCKJX7dAu6B1bnsd3aiep0RR4ydKk6TKQ5rfo9I8XzENte0YPayTtc14YNnBm+g==",
      "dependencies": {
        "@teppeis/multimaps": "^2.0.0",
        "core-js": "^3.27.1",
        "earcut": "2.2.4",
        "eventemitter3": "^5.0.0",
        "howler": "2.2.3"
      },
      "engines": {
        "node": ">= 19"
      },
      "funding": {
        "url": "https://github.com/sponsors/melonjs"
      }
    },
    "node_modules/melonjs/node_modules/eventemitter3": {
      "version": "5.0.0",
      "resolved": "https://registry.npmjs.org/eventemitter3/-/eventemitter3-5.0.0.tgz",
      "integrity": "sha512-riuVbElZZNXLeLEoprfNYoDSwTBRR44X3mnhdI1YcnENpWTCsTTVZ2zFuqQcpoyqPQIUXdiPEU0ECAq0KQRaHg=="
    }
  },
  "dependencies": {
    "@teppeis/multimaps": {
      "version": "2.0.0",
      "resolved": "https://registry.npmjs.org/@teppeis/multimaps/-/multimaps-2.0.0.tgz",
      "integrity": "sha512-TL1adzq1HdxUf9WYduLcQ/DNGYiz71U31QRgbnr0Ef1cPyOUOsBojxHVWpFeOSUucB6Lrs0LxFRA14ntgtkc9w=="
    },
    "core-js": {
      "version": "3.27.1",
      "resolved": "https://registry.npmjs.org/core-js/-/core-js-3.27.1.tgz",
      "integrity": "sha512-GutwJLBChfGCpwwhbYoqfv03LAfmiz7e7D/BNxzeMxwQf10GRSzqiOjx7AmtEk+heiD/JWmBuyBPgFtx0Sg1ww=="
    },
    "earcut": {
      "version": "2.2.4",
      "resolved": "https://registry.npmjs.org/earcut/-/earcut-2.2.4.tgz",
      "integrity": "sha512-/pjZsA1b4RPHbeWZQn66SWS8nZZWLQQ23oE3Eam7aroEFGEvwKAsJfZ9ytiEMycfzXWpca4FA9QIOehf7PocBQ=="
    },
    "howler": {
      "version": "2.2.3",
      "resolved": "https://registry.npmjs.org/howler/-/howler-2.2.3.tgz",
      "integrity": "sha512-QM0FFkw0LRX1PR8pNzJVAY25JhIWvbKMBFM4gqk+QdV+kPXOhleWGCB6AiAF/goGjIHK2e/nIElplvjQwhr0jg=="
    },
    "melonjs": {
      "version": "14.4.0",
      "resolved": "https://registry.npmjs.org/melonjs/-/melonjs-14.4.0.tgz",
      "integrity": "sha512-dCo6qR43C4/w+2VlZo6YFQZPCKJX7dAu6B1bnsd3aiep0RR4ydKk6TKQ5rfo9I8XzENte0YPayTtc14YNnBm+g==",
      "requires": {
        "@teppeis/multimaps": "^2.0.0",
        "core-js": "^3.27.1",
        "earcut": "2.2.4",
        "eventemitter3": "^5.0.0",
        "howler": "2.2.3"
      },
      "dependencies": {
        "eventemitter3": {
          "version": "5.0.0",
          "resolved": "https://registry.npmjs.org/eventemitter3/-/eventemitter3-5.0.0.tgz",
          "integrity": "sha512-riuVbElZZNXLeLEoprfNYoDSwTBRR44X3mnhdI1YcnENpWTCsTTVZ2zFuqQcpoyqPQIUXdiPEU0ECAq0KQRaHg=="
        }
      }
    }
  }
}
